
Microsoft Visual Studio Solution File, Format Version 12.00
# Visual Studio 14
VisualStudioVersion = 14.0.25420.1
MinimumVisualStudioVersion = 10.0.40219.1
Project("{2150E333-8FDC-42A3-9474-1A3956D46DE8}") = "src", "src", "{A7B1CE5C-6DAE-4DA5-8305-111741B3E631}"
EndProject
Project("{2150E333-8FDC-42A3-9474-1A3956D46DE8}") = "Solution Items", "Solution Items", "{24CD71D7-71C8-4496-8EF3-23A4A29FCCEA}"
	ProjectSection(SolutionItems) = preProject
		global.json = global.json
	EndProjectSection
EndProject
Project("{8BB2217D-0F2D-49D1-97BC-3654ED321F3B}") = "SupplyChain.ThinkGeek.WMISKUUpsert", "src\SupplyChain.ThinkGeek.WMISKUUpsert\SupplyChain.ThinkGeek.WMISKUUpsert.xproj", "{4B00CFA1-FC62-4407-935D-2BCCAD97E9EC}"
EndProject
Project("{FAE04EC0-301F-11D3-BF4B-00C04F79EFBC}") = "AWSHelper", "..\AWSSQSBridge\AWSHelper\AWSHelper.csproj", "{5BD6D0FD-71D7-4EC8-8224-67978C274F56}"
EndProject
Project("{FAE04EC0-301F-11D3-BF4B-00C04F79EFBC}") = "DataContracts.ThinkGeek.SKUUpsert", "..\DataContracts.ThinkGeek\DataContracts.ThinkGeek\DataContracts.ThinkGeek.SKUUpsert.csproj", "{4368BB0E-B8ED-47F5-B455-882203AC12B2}"
EndProject
Global
	GlobalSection(SolutionConfigurationPlatforms) = preSolution
		Debug|Any CPU = Debug|Any CPU
		Release|Any CPU = Release|Any CPU
	EndGlobalSection
	GlobalSection(ProjectConfigurationPlatforms) = postSolution
		{4B00CFA1-FC62-4407-935D-2BCCAD97E9EC}.Debug|Any CPU.ActiveCfg = Debug|Any CPU
		{4B00CFA1-FC62-4407-935D-2BCCAD97E9EC}.Debug|Any CPU.Build.0 = Debug|Any CPU
		{4B00CFA1-FC62-4407-935D-2BCCAD97E9EC}.Release|Any CPU.ActiveCfg = Release|Any CPU
		{4B00CFA1-FC62-4407-935D-2BCCAD97E9EC}.Release|Any CPU.Build.0 = Release|Any CPU
		{5BD6D0FD-71D7-4EC8-8224-67978C274F56}.Debug|Any CPU.ActiveCfg = Debug|Any CPU
		{5BD6D0FD-71D7-4EC8-8224-67978C274F56}.Debug|Any CPU.Build.0 = Debug|Any CPU
		{5BD6D0FD-71D7-4EC8-8224-67978C274F56}.Release|Any CPU.ActiveCfg = Release|Any CPU
		{5BD6D0FD-71D7-4EC8-8224-67978C274F56}.Release|Any CPU.Build.0 = Release|Any CPU
		{4368BB0E-B8ED-47F5-B455-882203AC12B2}.Debug|Any CPU.ActiveCfg = Debug|Any CPU
		{4368BB0E-B8ED-47F5-B455-882203AC12B2}.Debug|Any CPU.Build.0 = Debug|Any CPU
		{4368BB0E-B8ED-47F5-B455-882203AC12B2}.Release|Any CPU.ActiveCfg = Release|Any CPU
		{4368BB0E-B8ED-47F5-B455-882203AC12B2}.Release|Any CPU.Build.0 = Release|Any CPU
	EndGlobalSection
	GlobalSection(SolutionProperties) = preSolution
		HideSolutionNode = FALSE
	EndGlobalSection
	GlobalSection(NestedProjects) = preSolution
		{4B00CFA1-FC62-4407-935D-2BCCAD97E9EC} = {A7B1CE5C-6DAE-4DA5-8305-111741B3E631}
	EndGlobalSection
EndGlobal
